
Microsoft Visual Studio Solution File, Format Version 12.00
# Visual Studio Version 17
VisualStudioVersion = 17.5.33414.496
MinimumVisualStudioVersion = 10.0.40219.1
Project("{2150E333-8FDC-42A3-9474-1A3956D46DE8}") = "Services", "Services", "{4C7D440D-B491-40DC-8702-3E7F4F860878}"
EndProject
Project("{2150E333-8FDC-42A3-9474-1A3956D46DE8}") = "Catolog", "Catolog", "{57692A57-7F49-4CD2-A4AC-430020754A84}"
EndProject
Project("{9A19103F-16F7-4668-BE54-9A1E7A4F7556}") = "Services.Catolog", "Services\Catolog\Services.Catolog\Services.Catolog.csproj", "{E40D74FD-A78B-4555-B292-E822379E46EE}"
EndProject
Project("{2150E333-8FDC-42A3-9474-1A3956D46DE8}") = "SolutionItems", "SolutionItems", "{97F10DA5-84EB-4F0A-A798-9E1D001ACAB0}"
	ProjectSection(SolutionItems) = preProject
		ports.txt = ports.txt
	EndProjectSection
EndProject
Project("{2150E333-8FDC-42A3-9474-1A3956D46DE8}") = "Shared", "Shared", "{99C44EAD-974A-420A-8898-36BBAAF2E2FB}"
EndProject
Project("{9A19103F-16F7-4668-BE54-9A1E7A4F7556}") = "Shared", "Shared\Shared\Shared.csproj", "{CD9B2163-40C1-4390-AA6D-6200151C3372}"
EndProject
Project("{2150E333-8FDC-42A3-9474-1A3956D46DE8}") = "Auth", "Auth", "{182D93BC-1274-4771-AA51-2D34BDA44790}"
EndProject
Project("{9A19103F-16F7-4668-BE54-9A1E7A4F7556}") = "Services.Auth", "Services\Auth\Services.Auth\Services.Auth.csproj", "{FB48E006-B397-48ED-BED2-458612C6D2FB}"
EndProject
Project("{2150E333-8FDC-42A3-9474-1A3956D46DE8}") = "Photo", "Photo", "{92481237-FF3B-49BE-A0B5-982D6DB109B8}"
EndProject
Project("{FAE04EC0-301F-11D3-BF4B-00C04F79EFBC}") = "Services.Photo", "Services\Photo\Services.Photo\Services.Photo.csproj", "{3463A739-30A7-436C-AA59-4E77B9E0F051}"
EndProject
Project("{2150E333-8FDC-42A3-9474-1A3956D46DE8}") = "Basket", "Basket", "{C02C39F3-2541-4820-AA08-D0FED8E8F85A}"
EndProject
Project("{FAE04EC0-301F-11D3-BF4B-00C04F79EFBC}") = "Services.Basket", "Services\Basket\Services.Basket\Services.Basket.csproj", "{C4EA5B09-1724-4E73-B3A2-432E4A674B45}"
EndProject
Global
	GlobalSection(SolutionConfigurationPlatforms) = preSolution
		Debug|Any CPU = Debug|Any CPU
		Release|Any CPU = Release|Any CPU
	EndGlobalSection
	GlobalSection(ProjectConfigurationPlatforms) = postSolution
		{E40D74FD-A78B-4555-B292-E822379E46EE}.Debug|Any CPU.ActiveCfg = Debug|Any CPU
		{E40D74FD-A78B-4555-B292-E822379E46EE}.Debug|Any CPU.Build.0 = Debug|Any CPU
		{E40D74FD-A78B-4555-B292-E822379E46EE}.Release|Any CPU.ActiveCfg = Release|Any CPU
		{E40D74FD-A78B-4555-B292-E822379E46EE}.Release|Any CPU.Build.0 = Release|Any CPU
		{CD9B2163-40C1-4390-AA6D-6200151C3372}.Debug|Any CPU.ActiveCfg = Debug|Any CPU
		{CD9B2163-40C1-4390-AA6D-6200151C3372}.Debug|Any CPU.Build.0 = Debug|Any CPU
		{CD9B2163-40C1-4390-AA6D-6200151C3372}.Release|Any CPU.ActiveCfg = Release|Any CPU
		{CD9B2163-40C1-4390-AA6D-6200151C3372}.Release|Any CPU.Build.0 = Release|Any CPU
		{FB48E006-B397-48ED-BED2-458612C6D2FB}.Debug|Any CPU.ActiveCfg = Debug|Any CPU
		{FB48E006-B397-48ED-BED2-458612C6D2FB}.Debug|Any CPU.Build.0 = Debug|Any CPU
		{FB48E006-B397-48ED-BED2-458612C6D2FB}.Release|Any CPU.ActiveCfg = Release|Any CPU
		{FB48E006-B397-48ED-BED2-458612C6D2FB}.Release|Any CPU.Build.0 = Release|Any CPU
		{3463A739-30A7-436C-AA59-4E77B9E0F051}.Debug|Any CPU.ActiveCfg = Debug|Any CPU
		{3463A739-30A7-436C-AA59-4E77B9E0F051}.Debug|Any CPU.Build.0 = Debug|Any CPU
		{3463A739-30A7-436C-AA59-4E77B9E0F051}.Release|Any CPU.ActiveCfg = Release|Any CPU
		{3463A739-30A7-436C-AA59-4E77B9E0F051}.Release|Any CPU.Build.0 = Release|Any CPU
		{C4EA5B09-1724-4E73-B3A2-432E4A674B45}.Debug|Any CPU.ActiveCfg = Debug|Any CPU
		{C4EA5B09-1724-4E73-B3A2-432E4A674B45}.Debug|Any CPU.Build.0 = Debug|Any CPU
		{C4EA5B09-1724-4E73-B3A2-432E4A674B45}.Release|Any CPU.ActiveCfg = Release|Any CPU
		{C4EA5B09-1724-4E73-B3A2-432E4A674B45}.Release|Any CPU.Build.0 = Release|Any CPU
	EndGlobalSection
	GlobalSection(SolutionProperties) = preSolution
		HideSolutionNode = FALSE
	EndGlobalSection
	GlobalSection(NestedProjects) = preSolution
		{57692A57-7F49-4CD2-A4AC-430020754A84} = {4C7D440D-B491-40DC-8702-3E7F4F860878}
		{E40D74FD-A78B-4555-B292-E822379E46EE} = {57692A57-7F49-4CD2-A4AC-430020754A84}
		{CD9B2163-40C1-4390-AA6D-6200151C3372} = {99C44EAD-974A-420A-8898-36BBAAF2E2FB}
		{182D93BC-1274-4771-AA51-2D34BDA44790} = {4C7D440D-B491-40DC-8702-3E7F4F860878}
		{FB48E006-B397-48ED-BED2-458612C6D2FB} = {182D93BC-1274-4771-AA51-2D34BDA44790}
		{92481237-FF3B-49BE-A0B5-982D6DB109B8} = {4C7D440D-B491-40DC-8702-3E7F4F860878}
		{3463A739-30A7-436C-AA59-4E77B9E0F051} = {92481237-FF3B-49BE-A0B5-982D6DB109B8}
		{C02C39F3-2541-4820-AA08-D0FED8E8F85A} = {4C7D440D-B491-40DC-8702-3E7F4F860878}
		{C4EA5B09-1724-4E73-B3A2-432E4A674B45} = {C02C39F3-2541-4820-AA08-D0FED8E8F85A}
	EndGlobalSection
	GlobalSection(ExtensibilityGlobals) = postSolution
		SolutionGuid = {9A8CB5A7-E7CF-423F-B7FE-4072EA2D4C79}
	EndGlobalSection
EndGlobal
